// !$*UTF8*$!
{
	archiveVersion = 1;
	classes = {
	};
	objectVersion = 48;
	objects = {

/* Begin PBXBuildFile section */
		3A3692691FD134B70035BBE2 /* KeyboardViewController.m in Sources */ = {isa = PBXBuildFile; fileRef = 3A3692671FD134B70035BBE2 /* KeyboardViewController.m */; };
		3A36926A1FD134B70035BBE2 /* KeyboardViewController.xib in Resources */ = {isa = PBXBuildFile; fileRef = 3A3692681FD134B70035BBE2 /* KeyboardViewController.xib */; };
		3A36926E1FD15CC90035BBE2 /* KeyboardComplexViewController.m in Sources */ = {isa = PBXBuildFile; fileRef = 3A36926C1FD15CC90035BBE2 /* KeyboardComplexViewController.m */; };
		3A36926F1FD15CC90035BBE2 /* KeyboardComplexViewController.xib in Resources */ = {isa = PBXBuildFile; fileRef = 3A36926D1FD15CC90035BBE2 /* KeyboardComplexViewController.xib */; };
		3AA221CB1FCFE06300F6C87B /* AppDelegate.m in Sources */ = {isa = PBXBuildFile; fileRef = 3AA221CA1FCFE06300F6C87B /* AppDelegate.m */; };
		3AA221CE1FCFE06300F6C87B /* ViewController.m in Sources */ = {isa = PBXBuildFile; fileRef = 3AA221CD1FCFE06300F6C87B /* ViewController.m */; };
		3AA221D11FCFE06300F6C87B /* Main.storyboard in Resources */ = {isa = PBXBuildFile; fileRef = 3AA221CF1FCFE06300F6C87B /* Main.storyboard */; };
		3AA221D31FCFE06300F6C87B /* Assets.xcassets in Resources */ = {isa = PBXBuildFile; fileRef = 3AA221D21FCFE06300F6C87B /* Assets.xcassets */; };
		3AA221D61FCFE06300F6C87B /* LaunchScreen.storyboard in Resources */ = {isa = PBXBuildFile; fileRef = 3AA221D41FCFE06300F6C87B /* LaunchScreen.storyboard */; };
		3AA221D91FCFE06300F6C87B /* main.m in Sources */ = {isa = PBXBuildFile; fileRef = 3AA221D81FCFE06300F6C87B /* main.m */; };
		3AA221E31FCFE06400F6C87B /* KeyBoardTests.m in Sources */ = {isa = PBXBuildFile; fileRef = 3AA221E21FCFE06400F6C87B /* KeyBoardTests.m */; };
		3AA221EE1FCFE06400F6C87B /* KeyBoardUITests.m in Sources */ = {isa = PBXBuildFile; fileRef = 3AA221ED1FCFE06400F6C87B /* KeyBoardUITests.m */; };
		3FEB2BE3AFB44E5F517DE840 /* Pods_KeyBoard.framework in Frameworks */ = {isa = PBXBuildFile; fileRef = B285A7D40752462564DDEC20 /* Pods_KeyBoard.framework */; };
/* End PBXBuildFile section */

/* Begin PBXContainerItemProxy section */
		3AA221DF1FCFE06400F6C87B /* PBXContainerItemProxy */ = {
			isa = PBXContainerItemProxy;
			containerPortal = 3AA221BE1FCFE06300F6C87B /* Project object */;
			proxyType = 1;
			remoteGlobalIDString = 3AA221C51FCFE06300F6C87B;
			remoteInfo = KeyBoard;
		};
		3AA221EA1FCFE06400F6C87B /* PBXContainerItemProxy */ = {
			isa = PBXContainerItemProxy;
			containerPortal = 3AA221BE1FCFE06300F6C87B /* Project object */;
			proxyType = 1;
			remoteGlobalIDString = 3AA221C51FCFE06300F6C87B;
			remoteInfo = KeyBoard;
		};
/* End PBXContainerItemProxy section */

/* Begin PBXFileReference section */
		3A3692661FD134B70035BBE2 /* KeyboardViewController.h */ = {isa = PBXFileReference; lastKnownFileType = sourcecode.c.h; path = KeyboardViewController.h; sourceTree = "<group>"; };
		3A3692671FD134B70035BBE2 /* KeyboardViewController.m */ = {isa = PBXFileReference; lastKnownFileType = sourcecode.c.objc; path = KeyboardViewController.m; sourceTree = "<group>"; };
		3A3692681FD134B70035BBE2 /* KeyboardViewController.xib */ = {isa = PBXFileReference; lastKnownFileType = file.xib; path = KeyboardViewController.xib; sourceTree = "<group>"; };
		3A36926B1FD15CC90035BBE2 /* KeyboardComplexViewController.h */ = {isa = PBXFileReference; lastKnownFileType = sourcecode.c.h; path = KeyboardComplexViewController.h; sourceTree = "<group>"; };
		3A36926C1FD15CC90035BBE2 /* KeyboardComplexViewController.m */ = {isa = PBXFileReference; lastKnownFileType = sourcecode.c.objc; path = KeyboardComplexViewController.m; sourceTree = "<group>"; };
		3A36926D1FD15CC90035BBE2 /* KeyboardComplexViewController.xib */ = {isa = PBXFileReference; lastKnownFileType = file.xib; path = KeyboardComplexViewController.xib; sourceTree = "<group>"; };
		3AA221C61FCFE06300F6C87B /* KeyBoard.app */ = {isa = PBXFileReference; explicitFileType = wrapper.application; includeInIndex = 0; path = KeyBoard.app; sourceTree = BUILT_PRODUCTS_DIR; };
		3AA221C91FCFE06300F6C87B /* AppDelegate.h */ = {isa = PBXFileReference; lastKnownFileType = sourcecode.c.h; path = AppDelegate.h; sourceTree = "<group>"; };
		3AA221CA1FCFE06300F6C87B /* AppDelegate.m */ = {isa = PBXFileReference; lastKnownFileType = sourcecode.c.objc; path = AppDelegate.m; sourceTree = "<group>"; };
		3AA221CC1FCFE06300F6C87B /* ViewController.h */ = {isa = PBXFileReference; lastKnownFileType = sourcecode.c.h; path = ViewController.h; sourceTree = "<group>"; };
		3AA221CD1FCFE06300F6C87B /* ViewController.m */ = {isa = PBXFileReference; lastKnownFileType = sourcecode.c.objc; path = ViewController.m; sourceTree = "<group>"; };
		3AA221D01FCFE06300F6C87B /* Base */ = {isa = PBXFileReference; lastKnownFileType = file.storyboard; name = Base; path = Base.lproj/Main.storyboard; sourceTree = "<group>"; };
		3AA221D21FCFE06300F6C87B /* Assets.xcassets */ = {isa = PBXFileReference; lastKnownFileType = folder.assetcatalog; path = Assets.xcassets; sourceTree = "<group>"; };
		3AA221D51FCFE06300F6C87B /* Base */ = {isa = PBXFileReference; lastKnownFileType = file.storyboard; name = Base; path = Base.lproj/LaunchScreen.storyboard; sourceTree = "<group>"; };
		3AA221D71FCFE06300F6C87B /* Info.plist */ = {isa = PBXFileReference; lastKnownFileType = text.plist.xml; path = Info.plist; sourceTree = "<group>"; };
		3AA221D81FCFE06300F6C87B /* main.m */ = {isa = PBXFileReference; lastKnownFileType = sourcecode.c.objc; path = main.m; sourceTree = "<group>"; };
		3AA221DE1FCFE06400F6C87B /* KeyBoardTests.xctest */ = {isa = PBXFileReference; explicitFileType = wrapper.cfbundle; includeInIndex = 0; path = KeyBoardTests.xctest; sourceTree = BUILT_PRODUCTS_DIR; };
		3AA221E21FCFE06400F6C87B /* KeyBoardTests.m */ = {isa = PBXFileReference; lastKnownFileType = sourcecode.c.objc; path = KeyBoardTests.m; sourceTree = "<group>"; };
		3AA221E41FCFE06400F6C87B /* Info.plist */ = {isa = PBXFileReference; lastKnownFileType = text.plist.xml; path = Info.plist; sourceTree = "<group>"; };
		3AA221E91FCFE06400F6C87B /* KeyBoardUITests.xctest */ = {isa = PBXFileReference; explicitFileType = wrapper.cfbundle; includeInIndex = 0; path = KeyBoardUITests.xctest; sourceTree = BUILT_PRODUCTS_DIR; };
		3AA221ED1FCFE06400F6C87B /* KeyBoardUITests.m */ = {isa = PBXFileReference; lastKnownFileType = sourcecode.c.objc; path = KeyBoardUITests.m; sourceTree = "<group>"; };
		3AA221EF1FCFE06400F6C87B /* Info.plist */ = {isa = PBXFileReference; lastKnownFileType = text.plist.xml; path = Info.plist; sourceTree = "<group>"; };
		7B4FB83C750F98E5EAC35E16 /* Pods-KeyBoard.release.xcconfig */ = {isa = PBXFileReference; includeInIndex = 1; lastKnownFileType = text.xcconfig; name = "Pods-KeyBoard.release.xcconfig"; path = "../Pods/Target Support Files/Pods-KeyBoard/Pods-KeyBoard.release.xcconfig"; sourceTree = "<group>"; };
		AEFBD7E4BF32D7CA3B320F15 /* Pods-KeyBoard.debug.xcconfig */ = {isa = PBXFileReference; includeInIndex = 1; lastKnownFileType = text.xcconfig; name = "Pods-KeyBoard.debug.xcconfig"; path = "../Pods/Target Support Files/Pods-KeyBoard/Pods-KeyBoard.debug.xcconfig"; sourceTree = "<group>"; };
		B285A7D40752462564DDEC20 /* Pods_KeyBoard.framework */ = {isa = PBXFileReference; explicitFileType = wrapper.framework; includeInIndex = 0; path = Pods_KeyBoard.framework; sourceTree = BUILT_PRODUCTS_DIR; };
/* End PBXFileReference section */

/* Begin PBXFrameworksBuildPhase section */
		3AA221C31FCFE06300F6C87B /* Frameworks */ = {
			isa = PBXFrameworksBuildPhase;
			buildActionMask = 2147483647;
			files = (
				3FEB2BE3AFB44E5F517DE840 /* Pods_KeyBoard.framework in Frameworks */,
			);
			runOnlyForDeploymentPostprocessing = 0;
		};
		3AA221DB1FCFE06300F6C87B /* Frameworks */ = {
			isa = PBXFrameworksBuildPhase;
			buildActionMask = 2147483647;
			files = (
			);
			runOnlyForDeploymentPostprocessing = 0;
		};
		3AA221E61FCFE06400F6C87B /* Frameworks */ = {
			isa = PBXFrameworksBuildPhase;
			buildActionMask = 2147483647;
			files = (
			);
			runOnlyForDeploymentPostprocessing = 0;
		};
/* End PBXFrameworksBuildPhase section */

/* Begin PBXGroup section */
		126939CD014FE80380E2FEB4 /* Frameworks */ = {
			isa = PBXGroup;
			children = (
				B285A7D40752462564DDEC20 /* Pods_KeyBoard.framework */,
			);
			name = Frameworks;
			sourceTree = "<group>";
		};
		3A3692621FD1346E0035BBE2 /* keyBoardFile */ = {
			isa = PBXGroup;
			children = (
				3A3692661FD134B70035BBE2 /* KeyboardViewController.h */,
				3A3692671FD134B70035BBE2 /* KeyboardViewController.m */,
				3A3692681FD134B70035BBE2 /* KeyboardViewController.xib */,
				3A36926B1FD15CC90035BBE2 /* KeyboardComplexViewController.h */,
				3A36926C1FD15CC90035BBE2 /* KeyboardComplexViewController.m */,
				3A36926D1FD15CC90035BBE2 /* KeyboardComplexViewController.xib */,
			);
			path = keyBoardFile;
			sourceTree = "<group>";
		};
		3AA221BD1FCFE06300F6C87B = {
			isa = PBXGroup;
			children = (
				3A3692621FD1346E0035BBE2 /* keyBoardFile */,
				3AA221C81FCFE06300F6C87B /* KeyBoard */,
				3AA221E11FCFE06400F6C87B /* KeyBoardTests */,
				3AA221EC1FCFE06400F6C87B /* KeyBoardUITests */,
				3AA221C71FCFE06300F6C87B /* Products */,
				F75C1B72D90468246755DEAB /* Pods */,
				126939CD014FE80380E2FEB4 /* Frameworks */,
			);
			sourceTree = "<group>";
		};
		3AA221C71FCFE06300F6C87B /* Products */ = {
			isa = PBXGroup;
			children = (
				3AA221C61FCFE06300F6C87B /* KeyBoard.app */,
				3AA221DE1FCFE06400F6C87B /* KeyBoardTests.xctest */,
				3AA221E91FCFE06400F6C87B /* KeyBoardUITests.xctest */,
			);
			name = Products;
			sourceTree = "<group>";
		};
		3AA221C81FCFE06300F6C87B /* KeyBoard */ = {
			isa = PBXGroup;
			children = (
				3AA221C91FCFE06300F6C87B /* AppDelegate.h */,
				3AA221CA1FCFE06300F6C87B /* AppDelegate.m */,
				3AA221CC1FCFE06300F6C87B /* ViewController.h */,
				3AA221CD1FCFE06300F6C87B /* ViewController.m */,
				3AA221CF1FCFE06300F6C87B /* Main.storyboard */,
				3AA221D21FCFE06300F6C87B /* Assets.xcassets */,
				3AA221D41FCFE06300F6C87B /* LaunchScreen.storyboard */,
				3AA221D71FCFE06300F6C87B /* Info.plist */,
				3AA221D81FCFE06300F6C87B /* main.m */,
			);
			path = KeyBoard;
			sourceTree = "<group>";
		};
		3AA221E11FCFE06400F6C87B /* KeyBoardTests */ = {
			isa = PBXGroup;
			children = (
				3AA221E21FCFE06400F6C87B /* KeyBoardTests.m */,
				3AA221E41FCFE06400F6C87B /* Info.plist */,
			);
			path = KeyBoardTests;
			sourceTree = "<group>";
		};
		3AA221EC1FCFE06400F6C87B /* KeyBoardUITests */ = {
			isa = PBXGroup;
			children = (
				3AA221ED1FCFE06400F6C87B /* KeyBoardUITests.m */,
				3AA221EF1FCFE06400F6C87B /* Info.plist */,
			);
			path = KeyBoardUITests;
			sourceTree = "<group>";
		};
		F75C1B72D90468246755DEAB /* Pods */ = {
			isa = PBXGroup;
			children = (
				AEFBD7E4BF32D7CA3B320F15 /* Pods-KeyBoard.debug.xcconfig */,
				7B4FB83C750F98E5EAC35E16 /* Pods-KeyBoard.release.xcconfig */,
			);
			name = Pods;
			sourceTree = "<group>";
		};
/* End PBXGroup section */

/* Begin PBXNativeTarget section */
		3AA221C51FCFE06300F6C87B /* KeyBoard */ = {
			isa = PBXNativeTarget;
			buildConfigurationList = 3AA221F21FCFE06400F6C87B /* Build configuration list for PBXNativeTarget "KeyBoard" */;
			buildPhases = (
				A38837B405C4553263FC2FB2 /* [CP] Check Pods Manifest.lock */,
				3AA221C21FCFE06300F6C87B /* Sources */,
				3AA221C31FCFE06300F6C87B /* Frameworks */,
				3AA221C41FCFE06300F6C87B /* Resources */,
				93316EA32BA0950A8789C992 /* [CP] Embed Pods Frameworks */,
				E8EFEFC85B291F688CED434F /* [CP] Copy Pods Resources */,
			);
			buildRules = (
			);
			dependencies = (
			);
			name = KeyBoard;
			productName = KeyBoard;
			productReference = 3AA221C61FCFE06300F6C87B /* KeyBoard.app */;
			productType = "com.apple.product-type.application";
		};
		3AA221DD1FCFE06300F6C87B /* KeyBoardTests */ = {
			isa = PBXNativeTarget;
			buildConfigurationList = 3AA221F51FCFE06400F6C87B /* Build configuration list for PBXNativeTarget "KeyBoardTests" */;
			buildPhases = (
				3AA221DA1FCFE06300F6C87B /* Sources */,
				3AA221DB1FCFE06300F6C87B /* Frameworks */,
				3AA221DC1FCFE06300F6C87B /* Resources */,
			);
			buildRules = (
			);
			dependencies = (
				3AA221E01FCFE06400F6C87B /* PBXTargetDependency */,
			);
			name = KeyBoardTests;
			productName = KeyBoardTests;
			productReference = 3AA221DE1FCFE06400F6C87B /* KeyBoardTests.xctest */;
			productType = "com.apple.product-type.bundle.unit-test";
		};
		3AA221E81FCFE06400F6C87B /* KeyBoardUITests */ = {
			isa = PBXNativeTarget;
			buildConfigurationList = 3AA221F81FCFE06400F6C87B /* Build configuration list for PBXNativeTarget "KeyBoardUITests" */;
			buildPhases = (
				3AA221E51FCFE06400F6C87B /* Sources */,
				3AA221E61FCFE06400F6C87B /* Frameworks */,
				3AA221E71FCFE06400F6C87B /* Resources */,
			);
			buildRules = (
			);
			dependencies = (
				3AA221EB1FCFE06400F6C87B /* PBXTargetDependency */,
			);
			name = KeyBoardUITests;
			productName = KeyBoardUITests;
			productReference = 3AA221E91FCFE06400F6C87B /* KeyBoardUITests.xctest */;
			productType = "com.apple.product-type.bundle.ui-testing";
		};
/* End PBXNativeTarget section */

/* Begin PBXProject section */
		3AA221BE1FCFE06300F6C87B /* Project object */ = {
			isa = PBXProject;
			attributes = {
				LastUpgradeCheck = 0900;
				ORGANIZATIONNAME = "杨丰林";
				TargetAttributes = {
					3AA221C51FCFE06300F6C87B = {
						CreatedOnToolsVersion = 9.0;
						ProvisioningStyle = Automatic;
					};
					3AA221DD1FCFE06300F6C87B = {
						CreatedOnToolsVersion = 9.0;
						ProvisioningStyle = Automatic;
						TestTargetID = 3AA221C51FCFE06300F6C87B;
					};
					3AA221E81FCFE06400F6C87B = {
						CreatedOnToolsVersion = 9.0;
						ProvisioningStyle = Automatic;
						TestTargetID = 3AA221C51FCFE06300F6C87B;
					};
				};
			};
			buildConfigurationList = 3AA221C11FCFE06300F6C87B /* Build configuration list for PBXProject "KeyBoard" */;
			compatibilityVersion = "Xcode 8.0";
			developmentRegion = en;
			hasScannedForEncodings = 0;
			knownRegions = (
				en,
				Base,
			);
			mainGroup = 3AA221BD1FCFE06300F6C87B;
			productRefGroup = 3AA221C71FCFE06300F6C87B /* Products */;
			projectDirPath = "";
			projectRoot = "";
			targets = (
				3AA221C51FCFE06300F6C87B /* KeyBoard */,
				3AA221DD1FCFE06300F6C87B /* KeyBoardTests */,
				3AA221E81FCFE06400F6C87B /* KeyBoardUITests */,
			);
		};
/* End PBXProject section */

/* Begin PBXResourcesBuildPhase section */
		3AA221C41FCFE06300F6C87B /* Resources */ = {
			isa = PBXResourcesBuildPhase;
			buildActionMask = 2147483647;
			files = (
				3A36926F1FD15CC90035BBE2 /* KeyboardComplexViewController.xib in Resources */,
				3AA221D61FCFE06300F6C87B /* LaunchScreen.storyboard in Resources */,
				3AA221D31FCFE06300F6C87B /* Assets.xcassets in Resources */,
				3AA221D11FCFE06300F6C87B /* Main.storyboard in Resources */,
				3A36926A1FD134B70035BBE2 /* KeyboardViewController.xib in Resources */,
			);
			runOnlyForDeploymentPostprocessing = 0;
		};
		3AA221DC1FCFE06300F6C87B /* Resources */ = {
			isa = PBXResourcesBuildPhase;
			buildActionMask = 2147483647;
			files = (
			);
			runOnlyForDeploymentPostprocessing = 0;
		};
		3AA221E71FCFE06400F6C87B /* Resources */ = {
			isa = PBXResourcesBuildPhase;
			buildActionMask = 2147483647;
			files = (
			);
			runOnlyForDeploymentPostprocessing = 0;
		};
/* End PBXResourcesBuildPhase section */

/* Begin PBXShellScriptBuildPhase section */
		93316EA32BA0950A8789C992 /* [CP] Embed Pods Frameworks */ = {
			isa = PBXShellScriptBuildPhase;
			buildActionMask = 2147483647;
			files = (
			);
			inputPaths = (
				"${SRCROOT}/../Pods/Target Support Files/Pods-KeyBoard/Pods-KeyBoard-frameworks.sh",
				"${BUILT_PRODUCTS_DIR}/IQKeyboardManager/IQKeyboardManager.framework",
			);
			name = "[CP] Embed Pods Frameworks";
			outputPaths = (
				"${TARGET_BUILD_DIR}/${FRAMEWORKS_FOLDER_PATH}/IQKeyboardManager.framework",
			);
			runOnlyForDeploymentPostprocessing = 0;
			shellPath = /bin/sh;
			shellScript = "\"${SRCROOT}/../Pods/Target Support Files/Pods-KeyBoard/Pods-KeyBoard-frameworks.sh\"\n";
			showEnvVarsInLog = 0;
		};
		A38837B405C4553263FC2FB2 /* [CP] Check Pods Manifest.lock */ = {
			isa = PBXShellScriptBuildPhase;
			buildActionMask = 2147483647;
			files = (
			);
			inputPaths = (
				"${PODS_PODFILE_DIR_PATH}/Podfile.lock",
				"${PODS_ROOT}/Manifest.lock",
			);
			name = "[CP] Check Pods Manifest.lock";
			outputPaths = (
				"$(DERIVED_FILE_DIR)/Pods-KeyBoard-checkManifestLockResult.txt",
			);
			runOnlyForDeploymentPostprocessing = 0;
			shellPath = /bin/sh;
			shellScript = "diff \"${PODS_PODFILE_DIR_PATH}/Podfile.lock\" \"${PODS_ROOT}/Manifest.lock\" > /dev/null\nif [ $? != 0 ] ; then\n    # print error to STDERR\n    echo \"error: The sandbox is not in sync with the Podfile.lock. Run 'pod install' or update your CocoaPods installation.\" >&2\n    exit 1\nfi\n# This output is used by Xcode 'outputs' to avoid re-running this script phase.\necho \"SUCCESS\" > \"${SCRIPT_OUTPUT_FILE_0}\"\n";
			showEnvVarsInLog = 0;
		};
		E8EFEFC85B291F688CED434F /* [CP] Copy Pods Resources */ = {
			isa = PBXShellScriptBuildPhase;
			buildActionMask = 2147483647;
			files = (
			);
			inputPaths = (
			);
			name = "[CP] Copy Pods Resources";
			outputPaths = (
			);
			runOnlyForDeploymentPostprocessing = 0;
			shellPath = /bin/sh;
			shellScript = "\"${SRCROOT}/../Pods/Target Support Files/Pods-KeyBoard/Pods-KeyBoard-resources.sh\"\n";
			showEnvVarsInLog = 0;
		};
/* End PBXShellScriptBuildPhase section */

/* Begin PBXSourcesBuildPhase section */
		3AA221C21FCFE06300F6C87B /* Sources */ = {
			isa = PBXSourcesBuildPhase;
			buildActionMask = 2147483647;
			files = (
				3AA221CE1FCFE06300F6C87B /* ViewController.m in Sources */,
				3AA221D91FCFE06300F6C87B /* main.m in Sources */,
				3AA221CB1FCFE06300F6C87B /* AppDelegate.m in Sources */,
				3A36926E1FD15CC90035BBE2 /* KeyboardComplexViewController.m in Sources */,
				3A3692691FD134B70035BBE2 /* KeyboardViewController.m in Sources */,
			);
			runOnlyForDeploymentPostprocessing = 0;
		};
		3AA221DA1FCFE06300F6C87B /* Sources */ = {
			isa = PBXSourcesBuildPhase;
			buildActionMask = 2147483647;
			files = (
				3AA221E31FCFE06400F6C87B /* KeyBoardTests.m in Sources */,
			);
			runOnlyForDeploymentPostprocessing = 0;
		};
		3AA221E51FCFE06400F6C87B /* Sources */ = {
			isa = PBXSourcesBuildPhase;
			buildActionMask = 2147483647;
			files = (
				3AA221EE1FCFE06400F6C87B /* KeyBoardUITests.m in Sources */,
			);
			runOnlyForDeploymentPostprocessing = 0;
		};
/* End PBXSourcesBuildPhase section */

/* Begin PBXTargetDependency section */
		3AA221E01FCFE06400F6C87B /* PBXTargetDependency */ = {
			isa = PBXTargetDependency;
			target = 3AA221C51FCFE06300F6C87B /* KeyBoard */;
			targetProxy = 3AA221DF1FCFE06400F6C87B /* PBXContainerItemProxy */;
		};
		3AA221EB1FCFE06400F6C87B /* PBXTargetDependency */ = {
			isa = PBXTargetDependency;
			target = 3AA221C51FCFE06300F6C87B /* KeyBoard */;
			targetProxy = 3AA221EA1FCFE06400F6C87B /* PBXContainerItemProxy */;
		};
/* End PBXTargetDependency section */

/* Begin PBXVariantGroup section */
		3AA221CF1FCFE06300F6C87B /* Main.storyboard */ = {
			isa = PBXVariantGroup;
			children = (
				3AA221D01FCFE06300F6C87B /* Base */,
			);
			name = Main.storyboard;
			sourceTree = "<group>";
		};
		3AA221D41FCFE06300F6C87B /* LaunchScreen.storyboard */ = {
			isa = PBXVariantGroup;
			children = (
				3AA221D51FCFE06300F6C87B /* Base */,
			);
			name = LaunchScreen.storyboard;
			sourceTree = "<group>";
		};
/* End PBXVariantGroup section */

/* Begin XCBuildConfiguration section */
		3AA221F01FCFE06400F6C87B /* Debug */ = {
			isa = XCBuildConfiguration;
			buildSettings = {
				ALWAYS_SEARCH_USER_PATHS = NO;
				CLANG_ANALYZER_NONNULL = YES;
				CLANG_ANALYZER_NUMBER_OBJECT_CONVERSION = YES_AGGRESSIVE;
				CLANG_CXX_LANGUAGE_STANDARD = "gnu++14";
				CLANG_CXX_LIBRARY = "libc++";
				CLANG_ENABLE_MODULES = YES;
				CLANG_ENABLE_OBJC_ARC = YES;
				CLANG_WARN_BLOCK_CAPTURE_AUTORELEASING = YES;
				CLANG_WARN_BOOL_CONVERSION = YES;
				CLANG_WARN_COMMA = YES;
				CLANG_WARN_CONSTANT_CONVERSION = YES;
				CLANG_WARN_DIRECT_OBJC_ISA_USAGE = YES_ERROR;
				CLANG_WARN_DOCUMENTATION_COMMENTS = YES;
				CLANG_WARN_EMPTY_BODY = YES;
				CLANG_WARN_ENUM_CONVERSION = YES;
				CLANG_WARN_INFINITE_RECURSION = YES;
				CLANG_WARN_INT_CONVERSION = YES;
				CLANG_WARN_NON_LITERAL_NULL_CONVERSION = YES;
				CLANG_WARN_OBJC_LITERAL_CONVERSION = YES;
				CLANG_WARN_OBJC_ROOT_CLASS = YES_ERROR;
				CLANG_WARN_RANGE_LOOP_ANALYSIS = YES;
				CLANG_WARN_STRICT_PROTOTYPES = YES;
				CLANG_WARN_SUSPICIOUS_MOVE = YES;
				CLANG_WARN_UNGUARDED_AVAILABILITY = YES_AGGRESSIVE;
				CLANG_WARN_UNREACHABLE_CODE = YES;
				CLANG_WARN__DUPLICATE_METHOD_MATCH = YES;
				CODE_SIGN_IDENTITY = "iPhone Developer";
				COPY_PHASE_STRIP = NO;
				DEBUG_INFORMATION_FORMAT = dwarf;
				ENABLE_STRICT_OBJC_MSGSEND = YES;
				ENABLE_TESTABILITY = YES;
				GCC_C_LANGUAGE_STANDARD = gnu11;
				GCC_DYNAMIC_NO_PIC = NO;
				GCC_NO_COMMON_BLOCKS = YES;
				GCC_OPTIMIZATION_LEVEL = 0;
				GCC_PREPROCESSOR_DEFINITIONS = (
					"DEBUG=1",
					"$(inherited)",
				);
				GCC_WARN_64_TO_32_BIT_CONVERSION = YES;
				GCC_WARN_ABOUT_RETURN_TYPE = YES_ERROR;
				GCC_WARN_UNDECLARED_SELECTOR = YES;
				GCC_WARN_UNINITIALIZED_AUTOS = YES_AGGRESSIVE;
				GCC_WARN_UNUSED_FUNCTION = YES;
				GCC_WARN_UNUSED_VARIABLE = YES;
				IPHONEOS_DEPLOYMENT_TARGET = 11.0;
				MTL_ENABLE_DEBUG_INFO = YES;
				ONLY_ACTIVE_ARCH = YES;
				SDKROOT = iphoneos;
			};
			name = Debug;
		};
		3AA221F11FCFE06400F6C87B /* Release */ = {
			isa = XCBuildConfiguration;
			buildSettings = {
				ALWAYS_SEARCH_USER_PATHS = NO;
				CLANG_ANALYZER_NONNULL = YES;
				CLANG_ANALYZER_NUMBER_OBJECT_CONVERSION = YES_AGGRESSIVE;
				CLANG_CXX_LANGUAGE_STANDARD = "gnu++14";
				CLANG_CXX_LIBRARY = "libc++";
				CLANG_ENABLE_MODULES = YES;
				CLANG_ENABLE_OBJC_ARC = YES;
				CLANG_WARN_BLOCK_CAPTURE_AUTORELEASING = YES;
				CLANG_WARN_BOOL_CONVERSION = YES;
				CLANG_WARN_COMMA = YES;
				CLANG_WARN_CONSTANT_CONVERSION = YES;
				CLANG_WARN_DIRECT_OBJC_ISA_USAGE = YES_ERROR;
				CLANG_WARN_DOCUMENTATION_COMMENTS = YES;
				CLANG_WARN_EMPTY_BODY = YES;
				CLANG_WARN_ENUM_CONVERSION = YES;
				CLANG_WARN_INFINITE_RECURSION = YES;
				CLANG_WARN_INT_CONVERSION = YES;
				CLANG_WARN_NON_LITERAL_NULL_CONVERSION = YES;
				CLANG_WARN_OBJC_LITERAL_CONVERSION = YES;
				CLANG_WARN_OBJC_ROOT_CLASS = YES_ERROR;
				CLANG_WARN_RANGE_LOOP_ANALYSIS = YES;
				CLANG_WARN_STRICT_PROTOTYPES = YES;
				CLANG_WARN_SUSPICIOUS_MOVE = YES;
				CLANG_WARN_UNGUARDED_AVAILABILITY = YES_AGGRESSIVE;
				CLANG_WARN_UNREACHABLE_CODE = YES;
				CLANG_WARN__DUPLICATE_METHOD_MATCH = YES;
				CODE_SIGN_IDENTITY = "iPhone Developer";
				COPY_PHASE_STRIP = NO;
				DEBUG_INFORMATION_FORMAT = "dwarf-with-dsym";
				ENABLE_NS_ASSERTIONS = NO;
				ENABLE_STRICT_OBJC_MSGSEND = YES;
				GCC_C_LANGUAGE_STANDARD = gnu11;
				GCC_NO_COMMON_BLOCKS = YES;
				GCC_WARN_64_TO_32_BIT_CONVERSION = YES;
				GCC_WARN_ABOUT_RETURN_TYPE = YES_ERROR;
				GCC_WARN_UNDECLARED_SELECTOR = YES;
				GCC_WARN_UNINITIALIZED_AUTOS = YES_AGGRESSIVE;
				GCC_WARN_UNUSED_FUNCTION = YES;
				GCC_WARN_UNUSED_VARIABLE = YES;
				IPHONEOS_DEPLOYMENT_TARGET = 11.0;
				MTL_ENABLE_DEBUG_INFO = NO;
				SDKROOT = iphoneos;
				VALIDATE_PRODUCT = YES;
			};
			name = Release;
		};
		3AA221F31FCFE06400F6C87B /* Debug */ = {
			isa = XCBuildConfiguration;
			baseConfigurationReference = AEFBD7E4BF32D7CA3B320F15 /* Pods-KeyBoard.debug.xcconfig */;
			buildSettings = {
				ASSETCATALOG_COMPILER_APPICON_NAME = AppIcon;
				"CODE_SIGN_IDENTITY[sdk=iphoneos*]" = "iPhone Developer";
				CODE_SIGN_STYLE = Automatic;
				DEVELOPMENT_TEAM = KK5694975F;
				INFOPLIST_FILE = KeyBoard/Info.plist;
				IPHONEOS_DEPLOYMENT_TARGET = 9.0;
				LD_RUNPATH_SEARCH_PATHS = "$(inherited) @executable_path/Frameworks";
				PRODUCT_BUNDLE_IDENTIFIER = YFL.Test.com;
				PRODUCT_NAME = "$(TARGET_NAME)";
				PROVISIONING_PROFILE_SPECIFIER = "";
				TARGETED_DEVICE_FAMILY = 1;
			};
			name = Debug;
		};
		3AA221F41FCFE06400F6C87B /* Release */ = {
			isa = XCBuildConfiguration;
			baseConfigurationReference = 7B4FB83C750F98E5EAC35E16 /* Pods-KeyBoard.release.xcconfig */;
			buildSettings = {
				ASSETCATALOG_COMPILER_APPICON_NAME = AppIcon;
				"CODE_SIGN_IDENTITY[sdk=iphoneos*]" = "iPhone Developer";
				CODE_SIGN_STYLE = Automatic;
				DEVELOPMENT_TEAM = KK5694975F;
				INFOPLIST_FILE = KeyBoard/Info.plist;
				IPHONEOS_DEPLOYMENT_TARGET = 9.0;
				LD_RUNPATH_SEARCH_PATHS = "$(inherited) @executable_path/Frameworks";
				PRODUCT_BUNDLE_IDENTIFIER = YFL.Test.com;
				PRODUCT_NAME = "$(TARGET_NAME)";
				PROVISIONING_PROFILE_SPECIFIER = "";
				TARGETED_DEVICE_FAMILY = 1;
			};
			name = Release;
		};
		3AA221F61FCFE06400F6C87B /* Debug */ = {
			isa = XCBuildConfiguration;
			buildSettings = {
				BUNDLE_LOADER = "$(TEST_HOST)";
				CODE_SIGN_STYLE = Automatic;
				DEVELOPMENT_TEAM = KK5694975F;
				INFOPLIST_FILE = KeyBoardTests/Info.plist;
				LD_RUNPATH_SEARCH_PATHS = "$(inherited) @executable_path/Frameworks @loader_path/Frameworks";
				PRODUCT_BUNDLE_IDENTIFIER = YFL.Test.com.KeyBoardTests;
				PRODUCT_NAME = "$(TARGET_NAME)";
				TARGETED_DEVICE_FAMILY = "1,2";
				TEST_HOST = "$(BUILT_PRODUCTS_DIR)/KeyBoard.app/KeyBoard";
			};
			name = Debug;
		};
		3AA221F71FCFE06400F6C87B /* Release */ = {
			isa = XCBuildConfiguration;
			buildSettings = {
				BUNDLE_LOADER = "$(TEST_HOST)";
				CODE_SIGN_STYLE = Automatic;
				DEVELOPMENT_TEAM = KK5694975F;
				INFOPLIST_FILE = KeyBoardTests/Info.plist;
				LD_RUNPATH_SEARCH_PATHS = "$(inherited) @executable_path/Frameworks @loader_path/Frameworks";
				PRODUCT_BUNDLE_IDENTIFIER = YFL.Test.com.KeyBoardTests;
				PRODUCT_NAME = "$(TARGET_NAME)";
				TARGETED_DEVICE_FAMILY = "1,2";
				TEST_HOST = "$(BUILT_PRODUCTS_DIR)/KeyBoard.app/KeyBoard";
			};
			name = Release;
		};
		3AA221F91FCFE06400F6C87B /* Debug */ = {
			isa = XCBuildConfiguration;
			buildSettings = {
				CODE_SIGN_STYLE = Automatic;
				DEVELOPMENT_TEAM = KK5694975F;
				INFOPLIST_FILE = KeyBoardUITests/Info.plist;
				LD_RUNPATH_SEARCH_PATHS = "$(inherited) @executable_path/Frameworks @loader_path/Frameworks";
				PRODUCT_BUNDLE_IDENTIFIER = YFL.Test.com.KeyBoardUITests;
				PRODUCT_NAME = "$(TARGET_NAME)";
				TARGETED_DEVICE_FAMILY = "1,2";
				TEST_TARGET_NAME = KeyBoard;
			};
			name = Debug;
		};
		3AA221FA1FCFE06400F6C87B /* Release */ = {
			isa = XCBuildConfiguration;
			buildSettings = {
				CODE_SIGN_STYLE = Automatic;
				DEVELOPMENT_TEAM = KK5694975F;
				INFOPLIST_FILE = KeyBoardUITests/Info.plist;
				LD_RUNPATH_SEARCH_PATHS = "$(inherited) @executable_path/Frameworks @loader_path/Frameworks";
				PRODUCT_BUNDLE_IDENTIFIER = YFL.Test.com.KeyBoardUITests;
				PRODUCT_NAME = "$(TARGET_NAME)";
				TARGETED_DEVICE_FAMILY = "1,2";
				TEST_TARGET_NAME = KeyBoard;
			};
			name = Release;
		};
/* End XCBuildConfiguration section */

/* Begin XCConfigurationList section */
		3AA221C11FCFE06300F6C87B /* Build configuration list for PBXProject "KeyBoard" */ = {
			isa = XCConfigurationList;
			buildConfigurations = (
				3AA221F01FCFE06400F6C87B /* Debug */,
				3AA221F11FCFE06400F6C87B /* Release */,
			);
			defaultConfigurationIsVisible = 0;
			defaultConfigurationName = Release;
		};
		3AA221F21FCFE06400F6C87B /* Build configuration list for PBXNativeTarget "KeyBoard" */ = {
			isa = XCConfigurationList;
			buildConfigurations = (
				3AA221F31FCFE06400F6C87B /* Debug */,
				3AA221F41FCFE06400F6C87B /* Release */,
			);
			defaultConfigurationIsVisible = 0;
			defaultConfigurationName = Release;
		};
		3AA221F51FCFE06400F6C87B /* Build configuration list for PBXNativeTarget "KeyBoardTests" */ = {
			isa = XCConfigurationList;
			buildConfigurations = (
				3AA221F61FCFE06400F6C87B /* Debug */,
				3AA221F71FCFE06400F6C87B /* Release */,
			);
			defaultConfigurationIsVisible = 0;
			defaultConfigurationName = Release;
		};
		3AA221F81FCFE06400F6C87B /* Build configuration list for PBXNativeTarget "KeyBoardUITests" */ = {
			isa = XCConfigurationList;
			buildConfigurations = (
				3AA221F91FCFE06400F6C87B /* Debug */,
				3AA221FA1FCFE06400F6C87B /* Release */,
			);
			defaultConfigurationIsVisible = 0;
			defaultConfigurationName = Release;
		};
/* End XCConfigurationList section */
	};
	rootObject = 3AA221BE1FCFE06300F6C87B /* Project object */;
}
